// !$*UTF8*$!
{
	archiveVersion = 1;
	classes = {
	};
	objectVersion = 56;
	objects = {

/* Begin PBXBuildFile section */
		A398FB522B90C9170089AEF3 /* AppDelegate.swift in Sources */ = {isa = PBXBuildFile; fileRef = A398FB512B90C9170089AEF3 /* AppDelegate.swift */; };
		A398FB542B90C9170089AEF3 /* ViewController.swift in Sources */ = {isa = PBXBuildFile; fileRef = A398FB532B90C9170089AEF3 /* ViewController.swift */; };
		A398FB562B90C9190089AEF3 /* Assets.xcassets in Resources */ = {isa = PBXBuildFile; fileRef = A398FB552B90C9190089AEF3 /* Assets.xcassets */; };
		A398FB592B90C9190089AEF3 /* Main.storyboard in Resources */ = {isa = PBXBuildFile; fileRef = A398FB572B90C9190089AEF3 /* Main.storyboard */; };
		A398FB642B90C91A0089AEF3 /* AlphaImageTests.swift in Sources */ = {isa = PBXBuildFile; fileRef = A398FB632B90C91A0089AEF3 /* AlphaImageTests.swift */; };
		A398FB6E2B90C91A0089AEF3 /* AlphaImageUITests.swift in Sources */ = {isa = PBXBuildFile; fileRef = A398FB6D2B90C91A0089AEF3 /* AlphaImageUITests.swift */; };
		A398FB702B90C91A0089AEF3 /* AlphaImageUITestsLaunchTests.swift in Sources */ = {isa = PBXBuildFile; fileRef = A398FB6F2B90C91A0089AEF3 /* AlphaImageUITestsLaunchTests.swift */; };
/* End PBXBuildFile section */

/* Begin PBXContainerItemProxy section */
		A398FB602B90C91A0089AEF3 /* PBXContainerItemProxy */ = {
			isa = PBXContainerItemProxy;
			containerPortal = A398FB462B90C9170089AEF3 /* Project object */;
			proxyType = 1;
			remoteGlobalIDString = A398FB4D2B90C9170089AEF3;
			remoteInfo = AlphaImage;
		};
		A398FB6A2B90C91A0089AEF3 /* PBXContainerItemProxy */ = {
			isa = PBXContainerItemProxy;
			containerPortal = A398FB462B90C9170089AEF3 /* Project object */;
			proxyType = 1;
			remoteGlobalIDString = A398FB4D2B90C9170089AEF3;
			remoteInfo = AlphaImage;
		};
/* End PBXContainerItemProxy section */

/* Begin PBXFileReference section */
		A398FB4E2B90C9170089AEF3 /* AlphaImage.app */ = {isa = PBXFileReference; explicitFileType = wrapper.application; includeInIndex = 0; path = AlphaImage.app; sourceTree = BUILT_PRODUCTS_DIR; };
		A398FB512B90C9170089AEF3 /* AppDelegate.swift */ = {isa = PBXFileReference; lastKnownFileType = sourcecode.swift; path = AppDelegate.swift; sourceTree = "<group>"; };
		A398FB532B90C9170089AEF3 /* ViewController.swift */ = {isa = PBXFileReference; lastKnownFileType = sourcecode.swift; path = ViewController.swift; sourceTree = "<group>"; };
		A398FB552B90C9190089AEF3 /* Assets.xcassets */ = {isa = PBXFileReference; lastKnownFileType = folder.assetcatalog; path = Assets.xcassets; sourceTree = "<group>"; };
		A398FB582B90C9190089AEF3 /* Base */ = {isa = PBXFileReference; lastKnownFileType = file.storyboard; name = Base; path = Base.lproj/Main.storyboard; sourceTree = "<group>"; };
		A398FB5A2B90C9190089AEF3 /* AlphaImage.entitlements */ = {isa = PBXFileReference; lastKnownFileType = text.plist.entitlements; path = AlphaImage.entitlements; sourceTree = "<group>"; };
		A398FB5F2B90C91A0089AEF3 /* AlphaImageTests.xctest */ = {isa = PBXFileReference; explicitFileType = wrapper.cfbundle; includeInIndex = 0; path = AlphaImageTests.xctest; sourceTree = BUILT_PRODUCTS_DIR; };
		A398FB632B90C91A0089AEF3 /* AlphaImageTests.swift */ = {isa = PBXFileReference; lastKnownFileType = sourcecode.swift; path = AlphaImageTests.swift; sourceTree = "<group>"; };
		A398FB692B90C91A0089AEF3 /* AlphaImageUITests.xctest */ = {isa = PBXFileReference; explicitFileType = wrapper.cfbundle; includeInIndex = 0; path = AlphaImageUITests.xctest; sourceTree = BUILT_PRODUCTS_DIR; };
		A398FB6D2B90C91A0089AEF3 /* AlphaImageUITests.swift */ = {isa = PBXFileReference; lastKnownFileType = sourcecode.swift; path = AlphaImageUITests.swift; sourceTree = "<group>"; };
		A398FB6F2B90C91A0089AEF3 /* AlphaImageUITestsLaunchTests.swift */ = {isa = PBXFileReference; lastKnownFileType = sourcecode.swift; path = AlphaImageUITestsLaunchTests.swift; sourceTree = "<group>"; };
/* End PBXFileReference section */

/* Begin PBXFrameworksBuildPhase section */
		A398FB4B2B90C9170089AEF3 /* Frameworks */ = {
			isa = PBXFrameworksBuildPhase;
			buildActionMask = 2147483647;
			files = (
			);
			runOnlyForDeploymentPostprocessing = 0;
		};
		A398FB5C2B90C91A0089AEF3 /* Frameworks */ = {
			isa = PBXFrameworksBuildPhase;
			buildActionMask = 2147483647;
			files = (
			);
			runOnlyForDeploymentPostprocessing = 0;
		};
		A398FB662B90C91A0089AEF3 /* Frameworks */ = {
			isa = PBXFrameworksBuildPhase;
			buildActionMask = 2147483647;
			files = (
			);
			runOnlyForDeploymentPostprocessing = 0;
		};
/* End PBXFrameworksBuildPhase section */

/* Begin PBXGroup section */
		A398FB452B90C9170089AEF3 = {
			isa = PBXGroup;
			children = (
				A398FB502B90C9170089AEF3 /* AlphaImage */,
				A398FB622B90C91A0089AEF3 /* AlphaImageTests */,
				A398FB6C2B90C91A0089AEF3 /* AlphaImageUITests */,
				A398FB4F2B90C9170089AEF3 /* Products */,
			);
			sourceTree = "<group>";
		};
		A398FB4F2B90C9170089AEF3 /* Products */ = {
			isa = PBXGroup;
			children = (
				A398FB4E2B90C9170089AEF3 /* AlphaImage.app */,
				A398FB5F2B90C91A0089AEF3 /* AlphaImageTests.xctest */,
				A398FB692B90C91A0089AEF3 /* AlphaImageUITests.xctest */,
			);
			name = Products;
			sourceTree = "<group>";
		};
		A398FB502B90C9170089AEF3 /* AlphaImage */ = {
			isa = PBXGroup;
			children = (
				A398FB512B90C9170089AEF3 /* AppDelegate.swift */,
				A398FB532B90C9170089AEF3 /* ViewController.swift */,
				A398FB552B90C9190089AEF3 /* Assets.xcassets */,
				A398FB572B90C9190089AEF3 /* Main.storyboard */,
				A398FB5A2B90C9190089AEF3 /* AlphaImage.entitlements */,
			);
			path = AlphaImage;
			sourceTree = "<group>";
		};
		A398FB622B90C91A0089AEF3 /* AlphaImageTests */ = {
			isa = PBXGroup;
			children = (
				A398FB632B90C91A0089AEF3 /* AlphaImageTests.swift */,
			);
			path = AlphaImageTests;
			sourceTree = "<group>";
		};
		A398FB6C2B90C91A0089AEF3 /* AlphaImageUITests */ = {
			isa = PBXGroup;
			children = (
				A398FB6D2B90C91A0089AEF3 /* AlphaImageUITests.swift */,
				A398FB6F2B90C91A0089AEF3 /* AlphaImageUITestsLaunchTests.swift */,
			);
			path = AlphaImageUITests;
			sourceTree = "<group>";
		};
/* End PBXGroup section */

/* Begin PBXNativeTarget section */
		A398FB4D2B90C9170089AEF3 /* AlphaImage */ = {
			isa = PBXNativeTarget;
			buildConfigurationList = A398FB732B90C91A0089AEF3 /* Build configuration list for PBXNativeTarget "AlphaImage" */;
			buildPhases = (
				A398FB4A2B90C9170089AEF3 /* Sources */,
				A398FB4B2B90C9170089AEF3 /* Frameworks */,
				A398FB4C2B90C9170089AEF3 /* Resources */,
			);
			buildRules = (
			);
			dependencies = (
			);
			name = AlphaImage;
			productName = AlphaImage;
			productReference = A398FB4E2B90C9170089AEF3 /* AlphaImage.app */;
			productType = "com.apple.product-type.application";
		};
		A398FB5E2B90C91A0089AEF3 /* AlphaImageTests */ = {
			isa = PBXNativeTarget;
			buildConfigurationList = A398FB762B90C91A0089AEF3 /* Build configuration list for PBXNativeTarget "AlphaImageTests" */;
			buildPhases = (
				A398FB5B2B90C91A0089AEF3 /* Sources */,
				A398FB5C2B90C91A0089AEF3 /* Frameworks */,
				A398FB5D2B90C91A0089AEF3 /* Resources */,
			);
			buildRules = (
			);
			dependencies = (
				A398FB612B90C91A0089AEF3 /* PBXTargetDependency */,
			);
			name = AlphaImageTests;
			productName = AlphaImageTests;
			productReference = A398FB5F2B90C91A0089AEF3 /* AlphaImageTests.xctest */;
			productType = "com.apple.product-type.bundle.unit-test";
		};
		A398FB682B90C91A0089AEF3 /* AlphaImageUITests */ = {
			isa = PBXNativeTarget;
			buildConfigurationList = A398FB792B90C91A0089AEF3 /* Build configuration list for PBXNativeTarget "AlphaImageUITests" */;
			buildPhases = (
				A398FB652B90C91A0089AEF3 /* Sources */,
				A398FB662B90C91A0089AEF3 /* Frameworks */,
				A398FB672B90C91A0089AEF3 /* Resources */,
			);
			buildRules = (
			);
			dependencies = (
				A398FB6B2B90C91A0089AEF3 /* PBXTargetDependency */,
			);
			name = AlphaImageUITests;
			productName = AlphaImageUITests;
			productReference = A398FB692B90C91A0089AEF3 /* AlphaImageUITests.xctest */;
			productType = "com.apple.product-type.bundle.ui-testing";
		};
/* End PBXNativeTarget section */

/* Begin PBXProject section */
		A398FB462B90C9170089AEF3 /* Project object */ = {
			isa = PBXProject;
			attributes = {
				BuildIndependentTargetsInParallel = 1;
				LastSwiftUpdateCheck = 1520;
				LastUpgradeCheck = 1520;
				TargetAttributes = {
					A398FB4D2B90C9170089AEF3 = {
						CreatedOnToolsVersion = 15.2;
					};
					A398FB5E2B90C91A0089AEF3 = {
						CreatedOnToolsVersion = 15.2;
						TestTargetID = A398FB4D2B90C9170089AEF3;
					};
					A398FB682B90C91A0089AEF3 = {
						CreatedOnToolsVersion = 15.2;
						TestTargetID = A398FB4D2B90C9170089AEF3;
					};
				};
			};
			buildConfigurationList = A398FB492B90C9170089AEF3 /* Build configuration list for PBXProject "AlphaImage" */;
			compatibilityVersion = "Xcode 14.0";
			developmentRegion = en;
			hasScannedForEncodings = 0;
			knownRegions = (
				en,
				Base,
			);
			mainGroup = A398FB452B90C9170089AEF3;
			productRefGroup = A398FB4F2B90C9170089AEF3 /* Products */;
			projectDirPath = "";
			projectRoot = "";
			targets = (
				A398FB4D2B90C9170089AEF3 /* AlphaImage */,
				A398FB5E2B90C91A0089AEF3 /* AlphaImageTests */,
				A398FB682B90C91A0089AEF3 /* AlphaImageUITests */,
			);
		};
/* End PBXProject section */

/* Begin PBXResourcesBuildPhase section */
		A398FB4C2B90C9170089AEF3 /* Resources */ = {
			isa = PBXResourcesBuildPhase;
			buildActionMask = 2147483647;
			files = (
				A398FB562B90C9190089AEF3 /* Assets.xcassets in Resources */,
				A398FB592B90C9190089AEF3 /* Main.storyboard in Resources */,
			);
			runOnlyForDeploymentPostprocessing = 0;
		};
		A398FB5D2B90C91A0089AEF3 /* Resources */ = {
			isa = PBXResourcesBuildPhase;
			buildActionMask = 2147483647;
			files = (
			);
			runOnlyForDeploymentPostprocessing = 0;
		};
		A398FB672B90C91A0089AEF3 /* Resources */ = {
			isa = PBXResourcesBuildPhase;
			buildActionMask = 2147483647;
			files = (
			);
			runOnlyForDeploymentPostprocessing = 0;
		};
/* End PBXResourcesBuildPhase section */

/* Begin PBXSourcesBuildPhase section */
		A398FB4A2B90C9170089AEF3 /* Sources */ = {
			isa = PBXSourcesBuildPhase;
			buildActionMask = 2147483647;
			files = (
				A398FB542B90C9170089AEF3 /* ViewController.swift in Sources */,
				A398FB522B90C9170089AEF3 /* AppDelegate.swift in Sources */,
			);
			runOnlyForDeploymentPostprocessing = 0;
		};
		A398FB5B2B90C91A0089AEF3 /* Sources */ = {
			isa = PBXSourcesBuildPhase;
			buildActionMask = 2147483647;
			files = (
				A398FB642B90C91A0089AEF3 /* AlphaImageTests.swift in Sources */,
			);
			runOnlyForDeploymentPostprocessing = 0;
		};
		A398FB652B90C91A0089AEF3 /* Sources */ = {
			isa = PBXSourcesBuildPhase;
			buildActionMask = 2147483647;
			files = (
				A398FB6E2B90C91A0089AEF3 /* AlphaImageUITests.swift in Sources */,
				A398FB702B90C91A0089AEF3 /* AlphaImageUITestsLaunchTests.swift in Sources */,
			);
			runOnlyForDeploymentPostprocessing = 0;
		};
/* End PBXSourcesBuildPhase section */

/* Begin PBXTargetDependency section */
		A398FB612B90C91A0089AEF3 /* PBXTargetDependency */ = {
			isa = PBXTargetDependency;
			target = A398FB4D2B90C9170089AEF3 /* AlphaImage */;
			targetProxy = A398FB602B90C91A0089AEF3 /* PBXContainerItemProxy */;
		};
		A398FB6B2B90C91A0089AEF3 /* PBXTargetDependency */ = {
			isa = PBXTargetDependency;
			target = A398FB4D2B90C9170089AEF3 /* AlphaImage */;
			targetProxy = A398FB6A2B90C91A0089AEF3 /* PBXContainerItemProxy */;
		};
/* End PBXTargetDependency section */

/* Begin PBXVariantGroup section */
		A398FB572B90C9190089AEF3 /* Main.storyboard */ = {
			isa = PBXVariantGroup;
			children = (
				A398FB582B90C9190089AEF3 /* Base */,
			);
			name = Main.storyboard;
			sourceTree = "<group>";
		};
/* End PBXVariantGroup section */

/* Begin XCBuildConfiguration section */
		A398FB712B90C91A0089AEF3 /* Debug */ = {
			isa = XCBuildConfiguration;
			buildSettings = {
				ALWAYS_SEARCH_USER_PATHS = NO;
				ASSETCATALOG_COMPILER_GENERATE_SWIFT_ASSET_SYMBOL_EXTENSIONS = YES;
				CLANG_ANALYZER_NONNULL = YES;
				CLANG_ANALYZER_NUMBER_OBJECT_CONVERSION = YES_AGGRESSIVE;
				CLANG_CXX_LANGUAGE_STANDARD = "gnu++20";
				CLANG_ENABLE_MODULES = YES;
				CLANG_ENABLE_OBJC_ARC = YES;
				CLANG_ENABLE_OBJC_WEAK = YES;
				CLANG_WARN_BLOCK_CAPTURE_AUTORELEASING = YES;
				CLANG_WARN_BOOL_CONVERSION = YES;
				CLANG_WARN_COMMA = YES;
				CLANG_WARN_CONSTANT_CONVERSION = YES;
				CLANG_WARN_DEPRECATED_OBJC_IMPLEMENTATIONS = YES;
				CLANG_WARN_DIRECT_OBJC_ISA_USAGE = YES_ERROR;
				CLANG_WARN_DOCUMENTATION_COMMENTS = YES;
				CLANG_WARN_EMPTY_BODY = YES;
				CLANG_WARN_ENUM_CONVERSION = YES;
				CLANG_WARN_INFINITE_RECURSION = YES;
				CLANG_WARN_INT_CONVERSION = YES;
				CLANG_WARN_NON_LITERAL_NULL_CONVERSION = YES;
				CLANG_WARN_OBJC_IMPLICIT_RETAIN_SELF = YES;
				CLANG_WARN_OBJC_LITERAL_CONVERSION = YES;
				CLANG_WARN_OBJC_ROOT_CLASS = YES_ERROR;
				CLANG_WARN_QUOTED_INCLUDE_IN_FRAMEWORK_HEADER = YES;
				CLANG_WARN_RANGE_LOOP_ANALYSIS = YES;
				CLANG_WARN_STRICT_PROTOTYPES = YES;
				CLANG_WARN_SUSPICIOUS_MOVE = YES;
				CLANG_WARN_UNGUARDED_AVAILABILITY = YES_AGGRESSIVE;
				CLANG_WARN_UNREACHABLE_CODE = YES;
				CLANG_WARN__DUPLICATE_METHOD_MATCH = YES;
				COPY_PHASE_STRIP = NO;
				DEBUG_INFORMATION_FORMAT = dwarf;
				ENABLE_STRICT_OBJC_MSGSEND = YES;
				ENABLE_TESTABILITY = YES;
				ENABLE_USER_SCRIPT_SANDBOXING = YES;
				GCC_C_LANGUAGE_STANDARD = gnu17;
				GCC_DYNAMIC_NO_PIC = NO;
				GCC_NO_COMMON_BLOCKS = YES;
				GCC_OPTIMIZATION_LEVEL = 0;
				GCC_PREPROCESSOR_DEFINITIONS = (
					"DEBUG=1",
					"$(inherited)",
				);
				GCC_WARN_64_TO_32_BIT_CONVERSION = YES;
				GCC_WARN_ABOUT_RETURN_TYPE = YES_ERROR;
				GCC_WARN_UNDECLARED_SELECTOR = YES;
				GCC_WARN_UNINITIALIZED_AUTOS = YES_AGGRESSIVE;
				GCC_WARN_UNUSED_FUNCTION = YES;
				GCC_WARN_UNUSED_VARIABLE = YES;
				LOCALIZATION_PREFERS_STRING_CATALOGS = YES;
				MACOSX_DEPLOYMENT_TARGET = 14.1;
				MTL_ENABLE_DEBUG_INFO = INCLUDE_SOURCE;
				MTL_FAST_MATH = YES;
				ONLY_ACTIVE_ARCH = YES;
				SDKROOT = macosx;
				SWIFT_ACTIVE_COMPILATION_CONDITIONS = "DEBUG $(inherited)";
				SWIFT_OPTIMIZATION_LEVEL = "-Onone";
			};
			name = Debug;
		};
		A398FB722B90C91A0089AEF3 /* Release */ = {
			isa = XCBuildConfiguration;
			buildSettings = {
				ALWAYS_SEARCH_USER_PATHS = NO;
				ASSETCATALOG_COMPILER_GENERATE_SWIFT_ASSET_SYMBOL_EXTENSIONS = YES;
				CLANG_ANALYZER_NONNULL = YES;
				CLANG_ANALYZER_NUMBER_OBJECT_CONVERSION = YES_AGGRESSIVE;
				CLANG_CXX_LANGUAGE_STANDARD = "gnu++20";
				CLANG_ENABLE_MODULES = YES;
				CLANG_ENABLE_OBJC_ARC = YES;
				CLANG_ENABLE_OBJC_WEAK = YES;
				CLANG_WARN_BLOCK_CAPTURE_AUTORELEASING = YES;
				CLANG_WARN_BOOL_CONVERSION = YES;
				CLANG_WARN_COMMA = YES;
				CLANG_WARN_CONSTANT_CONVERSION = YES;
				CLANG_WARN_DEPRECATED_OBJC_IMPLEMENTATIONS = YES;
				CLANG_WARN_DIRECT_OBJC_ISA_USAGE = YES_ERROR;
				CLANG_WARN_DOCUMENTATION_COMMENTS = YES;
				CLANG_WARN_EMPTY_BODY = YES;
				CLANG_WARN_ENUM_CONVERSION = YES;
				CLANG_WARN_INFINITE_RECURSION = YES;
				CLANG_WARN_INT_CONVERSION = YES;
				CLANG_WARN_NON_LITERAL_NULL_CONVERSION = YES;
				CLANG_WARN_OBJC_IMPLICIT_RETAIN_SELF = YES;
				CLANG_WARN_OBJC_LITERAL_CONVERSION = YES;
				CLANG_WARN_OBJC_ROOT_CLASS = YES_ERROR;
				CLANG_WARN_QUOTED_INCLUDE_IN_FRAMEWORK_HEADER = YES;
				CLANG_WARN_RANGE_LOOP_ANALYSIS = YES;
				CLANG_WARN_STRICT_PROTOTYPES = YES;
				CLANG_WARN_SUSPICIOUS_MOVE = YES;
				CLANG_WARN_UNGUARDED_AVAILABILITY = YES_AGGRESSIVE;
				CLANG_WARN_UNREACHABLE_CODE = YES;
				CLANG_WARN__DUPLICATE_METHOD_MATCH = YES;
				COPY_PHASE_STRIP = NO;
				DEBUG_INFORMATION_FORMAT = "dwarf-with-dsym";
				ENABLE_NS_ASSERTIONS = NO;
				ENABLE_STRICT_OBJC_MSGSEND = YES;
				ENABLE_USER_SCRIPT_SANDBOXING = YES;
				GCC_C_LANGUAGE_STANDARD = gnu17;
				GCC_NO_COMMON_BLOCKS = YES;
				GCC_WARN_64_TO_32_BIT_CONVERSION = YES;
				GCC_WARN_ABOUT_RETURN_TYPE = YES_ERROR;
				GCC_WARN_UNDECLARED_SELECTOR = YES;
				GCC_WARN_UNINITIALIZED_AUTOS = YES_AGGRESSIVE;
				GCC_WARN_UNUSED_FUNCTION = YES;
				GCC_WARN_UNUSED_VARIABLE = YES;
				LOCALIZATION_PREFERS_STRING_CATALOGS = YES;
				MACOSX_DEPLOYMENT_TARGET = 14.1;
				MTL_ENABLE_DEBUG_INFO = NO;
				MTL_FAST_MATH = YES;
				SDKROOT = macosx;
				SWIFT_COMPILATION_MODE = wholemodule;
			};
			name = Release;
		};
		A398FB742B90C91A0089AEF3 /* Debug */ = {
			isa = XCBuildConfiguration;
			buildSettings = {
				ASSETCATALOG_COMPILER_APPICON_NAME = AppIcon;
				ASSETCATALOG_COMPILER_GLOBAL_ACCENT_COLOR_NAME = AccentColor;
				CODE_SIGN_ENTITLEMENTS = AlphaImage/AlphaImage.entitlements;
				CODE_SIGN_STYLE = Automatic;
				COMBINE_HIDPI_IMAGES = YES;
				CURRENT_PROJECT_VERSION = 1;
				DEVELOPMENT_TEAM = 949V7B7QAK;
				ENABLE_HARDENED_RUNTIME = YES;
				GENERATE_INFOPLIST_FILE = YES;
				INFOPLIST_KEY_NSHumanReadableCopyright = "";
				INFOPLIST_KEY_NSMainStoryboardFile = Main;
				INFOPLIST_KEY_NSPrincipalClass = NSApplication;
				LD_RUNPATH_SEARCH_PATHS = (
					"$(inherited)",
					"@executable_path/../Frameworks",
				);
				MARKETING_VERSION = 1.0;
				PRODUCT_BUNDLE_IDENTIFIER = com.silvansky.AlphaImage;
				PRODUCT_NAME = "$(TARGET_NAME)";
				SWIFT_EMIT_LOC_STRINGS = YES;
				SWIFT_VERSION = 5.0;
			};
			name = Debug;
		};
		A398FB752B90C91A0089AEF3 /* Release */ = {
			isa = XCBuildConfiguration;
			buildSettings = {
				ASSETCATALOG_COMPILER_APPICON_NAME = AppIcon;
				ASSETCATALOG_COMPILER_GLOBAL_ACCENT_COLOR_NAME = AccentColor;
				CODE_SIGN_ENTITLEMENTS = AlphaImage/AlphaImage.entitlements;
				CODE_SIGN_STYLE = Automatic;
				COMBINE_HIDPI_IMAGES = YES;
				CURRENT_PROJECT_VERSION = 1;
				DEVELOPMENT_TEAM = 949V7B7QAK;
				ENABLE_HARDENED_RUNTIME = YES;
				GENERATE_INFOPLIST_FILE = YES;
				INFOPLIST_KEY_NSHumanReadableCopyright = "";
				INFOPLIST_KEY_NSMainStoryboardFile = Main;
				INFOPLIST_KEY_NSPrincipalClass = NSApplication;
				LD_RUNPATH_SEARCH_PATHS = (
					"$(inherited)",
					"@executable_path/../Frameworks",
				);
				MARKETING_VERSION = 1.0;
				PRODUCT_BUNDLE_IDENTIFIER = com.silvansky.AlphaImage;
				PRODUCT_NAME = "$(TARGET_NAME)";
				SWIFT_EMIT_LOC_STRINGS = YES;
				SWIFT_VERSION = 5.0;
			};
			name = Release;
		};
		A398FB772B90C91A0089AEF3 /* Debug */ = {
			isa = XCBuildConfiguration;
			buildSettings = {
				ALWAYS_EMBED_SWIFT_STANDARD_LIBRARIES = YES;
				BUNDLE_LOADER = "$(TEST_HOST)";
				CODE_SIGN_STYLE = Automatic;
				CURRENT_PROJECT_VERSION = 1;
				DEVELOPMENT_TEAM = 949V7B7QAK;
				GENERATE_INFOPLIST_FILE = YES;
				MACOSX_DEPLOYMENT_TARGET = 14.1;
				MARKETING_VERSION = 1.0;
				PRODUCT_BUNDLE_IDENTIFIER = com.silvansky.AlphaImageTests;
				PRODUCT_NAME = "$(TARGET_NAME)";
				SWIFT_EMIT_LOC_STRINGS = NO;
				SWIFT_VERSION = 5.0;
				TEST_HOST = "$(BUILT_PRODUCTS_DIR)/AlphaImage.app/$(BUNDLE_EXECUTABLE_FOLDER_PATH)/AlphaImage";
			};
			name = Debug;
		};
		A398FB782B90C91A0089AEF3 /* Release */ = {
			isa = XCBuildConfiguration;
			buildSettings = {
				ALWAYS_EMBED_SWIFT_STANDARD_LIBRARIES = YES;
				BUNDLE_LOADER = "$(TEST_HOST)";
				CODE_SIGN_STYLE = Automatic;
				CURRENT_PROJECT_VERSION = 1;
				DEVELOPMENT_TEAM = 949V7B7QAK;
				GENERATE_INFOPLIST_FILE = YES;
				MACOSX_DEPLOYMENT_TARGET = 14.1;
				MARKETING_VERSION = 1.0;
				PRODUCT_BUNDLE_IDENTIFIER = com.silvansky.AlphaImageTests;
				PRODUCT_NAME = "$(TARGET_NAME)";
				SWIFT_EMIT_LOC_STRINGS = NO;
				SWIFT_VERSION = 5.0;
				TEST_HOST = "$(BUILT_PRODUCTS_DIR)/AlphaImage.app/$(BUNDLE_EXECUTABLE_FOLDER_PATH)/AlphaImage";
			};
			name = Release;
		};
		A398FB7A2B90C91A0089AEF3 /* Debug */ = {
			isa = XCBuildConfiguration;
			buildSettings = {
				ALWAYS_EMBED_SWIFT_STANDARD_LIBRARIES = YES;
				CODE_SIGN_STYLE = Automatic;
				CURRENT_PROJECT_VERSION = 1;
				DEVELOPMENT_TEAM = 949V7B7QAK;
				GENERATE_INFOPLIST_FILE = YES;
				MARKETING_VERSION = 1.0;
				PRODUCT_BUNDLE_IDENTIFIER = com.silvansky.AlphaImageUITests;
				PRODUCT_NAME = "$(TARGET_NAME)";
				SWIFT_EMIT_LOC_STRINGS = NO;
				SWIFT_VERSION = 5.0;
				TEST_TARGET_NAME = AlphaImage;
			};
			name = Debug;
		};
		A398FB7B2B90C91A0089AEF3 /* Release */ = {
			isa = XCBuildConfiguration;
			buildSettings = {
				ALWAYS_EMBED_SWIFT_STANDARD_LIBRARIES = YES;
				CODE_SIGN_STYLE = Automatic;
				CURRENT_PROJECT_VERSION = 1;
				DEVELOPMENT_TEAM = 949V7B7QAK;
				GENERATE_INFOPLIST_FILE = YES;
				MARKETING_VERSION = 1.0;
				PRODUCT_BUNDLE_IDENTIFIER = com.silvansky.AlphaImageUITests;
				PRODUCT_NAME = "$(TARGET_NAME)";
				SWIFT_EMIT_LOC_STRINGS = NO;
				SWIFT_VERSION = 5.0;
				TEST_TARGET_NAME = AlphaImage;
			};
			name = Release;
		};
/* End XCBuildConfiguration section */

/* Begin XCConfigurationList section */
		A398FB492B90C9170089AEF3 /* Build configuration list for PBXProject "AlphaImage" */ = {
			isa = XCConfigurationList;
			buildConfigurations = (
				A398FB712B90C91A0089AEF3 /* Debug */,
				A398FB722B90C91A0089AEF3 /* Release */,
			);
			defaultConfigurationIsVisible = 0;
			defaultConfigurationName = Release;
		};
		A398FB732B90C91A0089AEF3 /* Build configuration list for PBXNativeTarget "AlphaImage" */ = {
			isa = XCConfigurationList;
			buildConfigurations = (
				A398FB742B90C91A0089AEF3 /* Debug */,
				A398FB752B90C91A0089AEF3 /* Release */,
			);
			defaultConfigurationIsVisible = 0;
			defaultConfigurationName = Release;
		};
		A398FB762B90C91A0089AEF3 /* Build configuration list for PBXNativeTarget "AlphaImageTests" */ = {
			isa = XCConfigurationList;
			buildConfigurations = (
				A398FB772B90C91A0089AEF3 /* Debug */,
				A398FB782B90C91A0089AEF3 /* Release */,
			);
			defaultConfigurationIsVisible = 0;
			defaultConfigurationName = Release;
		};
		A398FB792B90C91A0089AEF3 /* Build configuration list for PBXNativeTarget "AlphaImageUITests" */ = {
			isa = XCConfigurationList;
			buildConfigurations = (
				A398FB7A2B90C91A0089AEF3 /* Debug */,
				A398FB7B2B90C91A0089AEF3 /* Release */,
			);
			defaultConfigurationIsVisible = 0;
			defaultConfigurationName = Release;
		};
/* End XCConfigurationList section */
	};
	rootObject = A398FB462B90C9170089AEF3 /* Project object */;
}
